
Microsoft Visual Studio Solution File, Format Version 12.00
# Visual Studio Version 17
VisualStudioVersion = 17.7.34031.279
MinimumVisualStudioVersion = 10.0.40219.1
Project("{FAE04EC0-301F-11D3-BF4B-00C04F79EFBC}") = "PixelsProcedure", "PixelsProcedure\PixelsProcedure.csproj", "{8388B6F0-2A25-452E-8542-3AFC3B0AFF58}"
EndProject
Global
	GlobalSection(SolutionConfigurationPlatforms) = preSolution
		Debug|Any CPU = Debug|Any CPU
		Release|Any CPU = Release|Any CPU
	EndGlobalSection
	GlobalSection(ProjectConfigurationPlatforms) = postSolution
		{8388B6F0-2A25-452E-8542-3AFC3B0AFF58}.Debug|Any CPU.ActiveCfg = Debug|Any CPU
		{8388B6F0-2A25-452E-8542-3AFC3B0AFF58}.Debug|Any CPU.Build.0 = Debug|Any CPU
		{8388B6F0-2A25-452E-8542-3AFC3B0AFF58}.Release|Any CPU.ActiveCfg = Release|Any CPU
		{8388B6F0-2A25-452E-8542-3AFC3B0AFF58}.Release|Any CPU.Build.0 = Release|Any CPU
	EndGlobalSection
	GlobalSection(SolutionProperties) = preSolution
		HideSolutionNode = FALSE
	EndGlobalSection
	GlobalSection(ExtensibilityGlobals) = postSolution
		SolutionGuid = {3E7E22E3-7958-470E-A8A9-9F405B7E4DEF}
	EndGlobalSection
EndGlobal
